
Microsoft Visual Studio Solution File, Format Version 12.00
# Visual Studio Version 16
VisualStudioVersion = 16.0.31313.79
MinimumVisualStudioVersion = 10.0.40219.1
Project("{FAE04EC0-301F-11D3-BF4B-00C04F79EFBC}") = "indecisive-decider", "indecisive-decider\indecisive-decider.csproj", "{041C2E6E-ACB8-4128-9C09-102A91A1D010}"
EndProject
Global
	GlobalSection(SolutionConfigurationPlatforms) = preSolution
		Debug|Any CPU = Debug|Any CPU
		Release|Any CPU = Release|Any CPU
	EndGlobalSection
	GlobalSection(ProjectConfigurationPlatforms) = postSolution
		{041C2E6E-ACB8-4128-9C09-102A91A1D010}.Debug|Any CPU.ActiveCfg = Debug|Any CPU
		{041C2E6E-ACB8-4128-9C09-102A91A1D010}.Debug|Any CPU.Build.0 = Debug|Any CPU
		{041C2E6E-ACB8-4128-9C09-102A91A1D010}.Release|Any CPU.ActiveCfg = Release|Any CPU
		{041C2E6E-ACB8-4128-9C09-102A91A1D010}.Release|Any CPU.Build.0 = Release|Any CPU
	EndGlobalSection
	GlobalSection(SolutionProperties) = preSolution
		HideSolutionNode = FALSE
	EndGlobalSection
	GlobalSection(ExtensibilityGlobals) = postSolution
		SolutionGuid = {32CFFD5F-7191-47EF-8866-ED46D6C0EDB9}
	EndGlobalSection
EndGlobal
